
Microsoft Visual Studio Solution File, Format Version 12.00
# Visual Studio Version 17
VisualStudioVersion = 17.4.33213.308
MinimumVisualStudioVersion = 10.0.40219.1
Project("{9A19103F-16F7-4668-BE54-9A1E7A4F7556}") = "ProjetEasySave.consoleApp", "ProjetOrienteObjet.ConsoleApp\ProjetEasySave.consoleApp.csproj", "{A91B5F2F-8F29-4BCA-A296-D8CE6320F120}"
EndProject
Project("{9A19103F-16F7-4668-BE54-9A1E7A4F7556}") = "ProjetEasySave.lib", "ProjetOrienteObjet.lib\ProjetEasySave.lib.csproj", "{A3D028F4-E32E-493F-A9EB-84DD65EEA91D}"
EndProject
Global
	GlobalSection(SolutionConfigurationPlatforms) = preSolution
		Debug|Any CPU = Debug|Any CPU
		Release|Any CPU = Release|Any CPU
	EndGlobalSection
	GlobalSection(ProjectConfigurationPlatforms) = postSolution
		{A91B5F2F-8F29-4BCA-A296-D8CE6320F120}.Debug|Any CPU.ActiveCfg = Debug|Any CPU
		{A91B5F2F-8F29-4BCA-A296-D8CE6320F120}.Debug|Any CPU.Build.0 = Debug|Any CPU
		{A91B5F2F-8F29-4BCA-A296-D8CE6320F120}.Release|Any CPU.ActiveCfg = Release|Any CPU
		{A91B5F2F-8F29-4BCA-A296-D8CE6320F120}.Release|Any CPU.Build.0 = Release|Any CPU
		{A3D028F4-E32E-493F-A9EB-84DD65EEA91D}.Debug|Any CPU.ActiveCfg = Debug|Any CPU
		{A3D028F4-E32E-493F-A9EB-84DD65EEA91D}.Debug|Any CPU.Build.0 = Debug|Any CPU
		{A3D028F4-E32E-493F-A9EB-84DD65EEA91D}.Release|Any CPU.ActiveCfg = Release|Any CPU
		{A3D028F4-E32E-493F-A9EB-84DD65EEA91D}.Release|Any CPU.Build.0 = Release|Any CPU
	EndGlobalSection
	GlobalSection(SolutionProperties) = preSolution
		HideSolutionNode = FALSE
	EndGlobalSection
	GlobalSection(ExtensibilityGlobals) = postSolution
		SolutionGuid = {047D4D0B-5446-4644-9BF7-29441E2ABED2}
	EndGlobalSection
EndGlobal
